
Microsoft Visual Studio Solution File, Format Version 12.00
# Visual Studio Version 16
VisualStudioVersion = 16.0.30320.27
MinimumVisualStudioVersion = 10.0.40219.1
Project("{888888A0-9F3D-457C-B088-3A5042F75D52}") = "PythonApplication78", "PythonApplication78.pyproj", "{198C4B19-FDE7-470E-985D-AFA6ADB65220}"
EndProject
Global
	GlobalSection(SolutionConfigurationPlatforms) = preSolution
		Debug|Any CPU = Debug|Any CPU
		Release|Any CPU = Release|Any CPU
	EndGlobalSection
	GlobalSection(ProjectConfigurationPlatforms) = postSolution
		{198C4B19-FDE7-470E-985D-AFA6ADB65220}.Debug|Any CPU.ActiveCfg = Debug|Any CPU
		{198C4B19-FDE7-470E-985D-AFA6ADB65220}.Release|Any CPU.ActiveCfg = Release|Any CPU
	EndGlobalSection
	GlobalSection(SolutionProperties) = preSolution
		HideSolutionNode = FALSE
	EndGlobalSection
	GlobalSection(ExtensibilityGlobals) = postSolution
		SolutionGuid = {06F3B4EC-E317-4106-B63D-7A85B96B373E}
	EndGlobalSection
EndGlobal
